
Microsoft Visual Studio Solution File, Format Version 11.00
# Visual Studio 2010
Project("{FAE04EC0-301F-11D3-BF4B-00C04F79EFBC}") = "Client", "Client\Client.csproj", "{0238F2CA-1C5A-43F8-ABE0-2231623E7254}"
EndProject
Project("{FAE04EC0-301F-11D3-BF4B-00C04F79EFBC}") = "Server", "Server\Server.csproj", "{08D6037E-9728-4E19-A6AB-2DEFBD5BDDCD}"
EndProject
Project("{FAE04EC0-301F-11D3-BF4B-00C04F79EFBC}") = "NetCast", "NetCast\NetCast.csproj", "{6D36404F-A493-4A1F-908B-4D473A93B8BC}"
EndProject
Global
	GlobalSection(SolutionConfigurationPlatforms) = preSolution
		Debug|Any CPU = Debug|Any CPU
		Debug|x86 = Debug|x86
		Release|Any CPU = Release|Any CPU
		Release|x86 = Release|x86
	EndGlobalSection
	GlobalSection(ProjectConfigurationPlatforms) = postSolution
		{0238F2CA-1C5A-43F8-ABE0-2231623E7254}.Debug|Any CPU.ActiveCfg = Debug|Any CPU
		{0238F2CA-1C5A-43F8-ABE0-2231623E7254}.Debug|Any CPU.Build.0 = Debug|Any CPU
		{0238F2CA-1C5A-43F8-ABE0-2231623E7254}.Debug|x86.ActiveCfg = Debug|x86
		{0238F2CA-1C5A-43F8-ABE0-2231623E7254}.Debug|x86.Build.0 = Debug|x86
		{0238F2CA-1C5A-43F8-ABE0-2231623E7254}.Release|Any CPU.ActiveCfg = Release|Any CPU
		{0238F2CA-1C5A-43F8-ABE0-2231623E7254}.Release|Any CPU.Build.0 = Release|Any CPU
		{0238F2CA-1C5A-43F8-ABE0-2231623E7254}.Release|x86.ActiveCfg = Release|x86
		{0238F2CA-1C5A-43F8-ABE0-2231623E7254}.Release|x86.Build.0 = Release|x86
		{08D6037E-9728-4E19-A6AB-2DEFBD5BDDCD}.Debug|Any CPU.ActiveCfg = Debug|Any CPU
		{08D6037E-9728-4E19-A6AB-2DEFBD5BDDCD}.Debug|Any CPU.Build.0 = Debug|Any CPU
		{08D6037E-9728-4E19-A6AB-2DEFBD5BDDCD}.Debug|x86.ActiveCfg = Debug|x86
		{08D6037E-9728-4E19-A6AB-2DEFBD5BDDCD}.Debug|x86.Build.0 = Debug|x86
		{08D6037E-9728-4E19-A6AB-2DEFBD5BDDCD}.Release|Any CPU.ActiveCfg = Release|Any CPU
		{08D6037E-9728-4E19-A6AB-2DEFBD5BDDCD}.Release|Any CPU.Build.0 = Release|Any CPU
		{08D6037E-9728-4E19-A6AB-2DEFBD5BDDCD}.Release|x86.ActiveCfg = Release|x86
		{08D6037E-9728-4E19-A6AB-2DEFBD5BDDCD}.Release|x86.Build.0 = Release|x86
		{6D36404F-A493-4A1F-908B-4D473A93B8BC}.Debug|Any CPU.ActiveCfg = Debug|Any CPU
		{6D36404F-A493-4A1F-908B-4D473A93B8BC}.Debug|Any CPU.Build.0 = Debug|Any CPU
		{6D36404F-A493-4A1F-908B-4D473A93B8BC}.Debug|x86.ActiveCfg = Debug|x86
		{6D36404F-A493-4A1F-908B-4D473A93B8BC}.Debug|x86.Build.0 = Debug|x86
		{6D36404F-A493-4A1F-908B-4D473A93B8BC}.Release|Any CPU.ActiveCfg = Release|Any CPU
		{6D36404F-A493-4A1F-908B-4D473A93B8BC}.Release|Any CPU.Build.0 = Release|Any CPU
		{6D36404F-A493-4A1F-908B-4D473A93B8BC}.Release|x86.ActiveCfg = Release|x86
		{6D36404F-A493-4A1F-908B-4D473A93B8BC}.Release|x86.Build.0 = Release|x86
	EndGlobalSection
	GlobalSection(SolutionProperties) = preSolution
		HideSolutionNode = FALSE
	EndGlobalSection
EndGlobal
